Microsoft Visual Studio Solution File, Format Version 8.00
Project("{FAE04EC0-301F-11D3-BF4B-00C04F79EFBC}") = "MDINet", "MDINet.csproj", "{4FA84D0E-3434-43E0-8EFA-89D9F981A800}"
	ProjectSection(ProjectDependencies) = postProject
	EndProjectSection
EndProject
Global
	GlobalSection(SolutionConfiguration) = preSolution
		Debug = Debug
		Release = Release
	EndGlobalSection
	GlobalSection(ProjectConfiguration) = postSolution
		{4FA84D0E-3434-43E0-8EFA-89D9F981A800}.Debug.ActiveCfg = Debug|.NET
		{4FA84D0E-3434-43E0-8EFA-89D9F981A800}.Debug.Build.0 = Debug|.NET
		{4FA84D0E-3434-43E0-8EFA-89D9F981A800}.Release.ActiveCfg = Release|.NET
		{4FA84D0E-3434-43E0-8EFA-89D9F981A800}.Release.Build.0 = Release|.NET
	EndGlobalSection
	GlobalSection(ExtensibilityGlobals) = postSolution
	EndGlobalSection
	GlobalSection(ExtensibilityAddIns) = postSolution
	EndGlobalSection
EndGlobal
