
Microsoft Visual Studio Solution File, Format Version 10.00
# Visual C# Express 2008
Project("{FAE04EC0-301F-11D3-BF4B-00C04F79EFBC}") = "Tanky", "Tanky\Tanky.csproj", "{2B91D296-6C6D-431B-8113-5BABDA7C5ADF}"
EndProject
Global
	GlobalSection(SolutionConfigurationPlatforms) = preSolution
		Debug|x86 = Debug|x86
		Release|x86 = Release|x86
	EndGlobalSection
	GlobalSection(ProjectConfigurationPlatforms) = postSolution
		{2B91D296-6C6D-431B-8113-5BABDA7C5ADF}.Debug|x86.ActiveCfg = Debug|x86
		{2B91D296-6C6D-431B-8113-5BABDA7C5ADF}.Debug|x86.Build.0 = Debug|x86
		{2B91D296-6C6D-431B-8113-5BABDA7C5ADF}.Release|x86.ActiveCfg = Release|x86
		{2B91D296-6C6D-431B-8113-5BABDA7C5ADF}.Release|x86.Build.0 = Release|x86
		{53247EDD-6A60-4F33-92BA-05C6A2E7145E}.Debug|x86.ActiveCfg = Debug|x86
		{53247EDD-6A60-4F33-92BA-05C6A2E7145E}.Release|x86.ActiveCfg = Release|x86
	EndGlobalSection
	GlobalSection(SolutionProperties) = preSolution
		HideSolutionNode = FALSE
	EndGlobalSection
EndGlobal
