Microsoft Visual Studio Solution File, Format Version 9.00
# Visual Studio 2005
Project("{8BC9CEB8-8B4A-11D0-8D11-00A0C91BC942}") = "Dialog", "Dialog\Dialog.vcproj", "{F7A8C2E1-05CA-4FC2-B053-7332283B210A}"
EndProject
Project("{8BC9CEB8-8B4A-11D0-8D11-00A0C91BC942}") = "MDI", "MDI\MDI.vcproj", "{CE6ABC42-0BDB-49C9-900C-EFBD22D2E8E0}"
EndProject
Project("{8BC9CEB8-8B4A-11D0-8D11-00A0C91BC942}") = "SDI", "SDI\SDI.vcproj", "{B112D497-764F-4176-819D-A2059080B7AA}"
EndProject
Project("{8BC9CEB8-8B4A-11D0-8D11-00A0C91BC942}") = "ToolBar", "ToolBarComboDemo\ToolBar.vcproj", "{98D8C95E-855E-4E33-89C9-3C428BECF67F}"
EndProject
Global
	GlobalSection(SolutionConfigurationPlatforms) = preSolution
		Debug|Win32 = Debug|Win32
		Release|Win32 = Release|Win32
	EndGlobalSection
	GlobalSection(ProjectConfigurationPlatforms) = postSolution
		{F7A8C2E1-05CA-4FC2-B053-7332283B210A}.Debug|Win32.ActiveCfg = Debug|Win32
		{F7A8C2E1-05CA-4FC2-B053-7332283B210A}.Debug|Win32.Build.0 = Debug|Win32
		{F7A8C2E1-05CA-4FC2-B053-7332283B210A}.Release|Win32.ActiveCfg = Release|Win32
		{F7A8C2E1-05CA-4FC2-B053-7332283B210A}.Release|Win32.Build.0 = Release|Win32
		{CE6ABC42-0BDB-49C9-900C-EFBD22D2E8E0}.Debug|Win32.ActiveCfg = Debug|Win32
		{CE6ABC42-0BDB-49C9-900C-EFBD22D2E8E0}.Debug|Win32.Build.0 = Debug|Win32
		{CE6ABC42-0BDB-49C9-900C-EFBD22D2E8E0}.Release|Win32.ActiveCfg = Release|Win32
		{CE6ABC42-0BDB-49C9-900C-EFBD22D2E8E0}.Release|Win32.Build.0 = Release|Win32
		{B112D497-764F-4176-819D-A2059080B7AA}.Debug|Win32.ActiveCfg = Debug|Win32
		{B112D497-764F-4176-819D-A2059080B7AA}.Debug|Win32.Build.0 = Debug|Win32
		{B112D497-764F-4176-819D-A2059080B7AA}.Release|Win32.ActiveCfg = Release|Win32
		{B112D497-764F-4176-819D-A2059080B7AA}.Release|Win32.Build.0 = Release|Win32
		{98D8C95E-855E-4E33-89C9-3C428BECF67F}.Debug|Win32.ActiveCfg = Debug|Win32
		{98D8C95E-855E-4E33-89C9-3C428BECF67F}.Debug|Win32.Build.0 = Debug|Win32
		{98D8C95E-855E-4E33-89C9-3C428BECF67F}.Release|Win32.ActiveCfg = Release|Win32
		{98D8C95E-855E-4E33-89C9-3C428BECF67F}.Release|Win32.Build.0 = Release|Win32
	EndGlobalSection
	GlobalSection(SolutionProperties) = preSolution
		HideSolutionNode = FALSE
	EndGlobalSection
EndGlobal
