Microsoft Visual Studio Solution File, Format Version 10.00
# Visual Studio 2008
Project("{8BC9CEB8-8B4A-11D0-8D11-00A0C91BC942}") = "3DCoursework", "3DCoursework.vcproj", "{BE66B6D1-F3C0-4F56-A990-80F117590C97}"
EndProject
Global
	GlobalSection(SolutionConfigurationPlatforms) = preSolution
		Debug|Win32 = Debug|Win32
		Release|Win32 = Release|Win32
	EndGlobalSection
	GlobalSection(ProjectConfigurationPlatforms) = postSolution
		{BE66B6D1-F3C0-4F56-A990-80F117590C97}.Debug|Win32.ActiveCfg = Debug|Win32
		{BE66B6D1-F3C0-4F56-A990-80F117590C97}.Debug|Win32.Build.0 = Debug|Win32
		{BE66B6D1-F3C0-4F56-A990-80F117590C97}.Release|Win32.ActiveCfg = Release|Win32
		{BE66B6D1-F3C0-4F56-A990-80F117590C97}.Release|Win32.Build.0 = Release|Win32
	EndGlobalSection
	GlobalSection(SolutionProperties) = preSolution
		HideSolutionNode = FALSE
	EndGlobalSection
EndGlobal
